// !$*UTF8*$!
{
	archiveVersion = 1;
	classes = {
	};
	objectVersion = 46;
	objects = {

/* Begin PBXBuildFile section */
		4FE2F54E1DDA070D00E4AB4F /* AppDelegate.swift in Sources */ = {isa = PBXBuildFile; fileRef = 4FE2F54D1DDA070D00E4AB4F /* AppDelegate.swift */; };
		4FE2F5531DDA070D00E4AB4F /* Main.storyboard in Resources */ = {isa = PBXBuildFile; fileRef = 4FE2F5511DDA070D00E4AB4F /* Main.storyboard */; };
		4FE2F5551DDA070D00E4AB4F /* Assets.xcassets in Resources */ = {isa = PBXBuildFile; fileRef = 4FE2F5541DDA070D00E4AB4F /* Assets.xcassets */; };
		4FE2F5581DDA070D00E4AB4F /* LaunchScreen.storyboard in Resources */ = {isa = PBXBuildFile; fileRef = 4FE2F5561DDA070D00E4AB4F /* LaunchScreen.storyboard */; };
		4FE2F5631DDA070D00E4AB4F /* BobTests.swift in Sources */ = {isa = PBXBuildFile; fileRef = 4FE2F5621DDA070D00E4AB4F /* BobTests.swift */; };
		4FE2F56E1DDA07DF00E4AB4F /* ShowParamsListUseCase.swift in Sources */ = {isa = PBXBuildFile; fileRef = 4FE2F56D1DDA07DF00E4AB4F /* ShowParamsListUseCase.swift */; };
		4FE2F5701DDA089900E4AB4F /* EntityGateway.swift in Sources */ = {isa = PBXBuildFile; fileRef = 4FE2F56F1DDA089900E4AB4F /* EntityGateway.swift */; };
		4FE2F5721DDA091900E4AB4F /* Programmer.swift in Sources */ = {isa = PBXBuildFile; fileRef = 4FE2F5711DDA091900E4AB4F /* Programmer.swift */; };
		4FE2F5741DDA0B9100E4AB4F /* ProgrammerDisplayData.swift in Sources */ = {isa = PBXBuildFile; fileRef = 4FE2F5731DDA0B9100E4AB4F /* ProgrammerDisplayData.swift */; };
		4FE2F5761DDA0CEC00E4AB4F /* ShowProgrammerListPresentation.swift in Sources */ = {isa = PBXBuildFile; fileRef = 4FE2F5751DDA0CEC00E4AB4F /* ShowProgrammerListPresentation.swift */; };
		4FE2F5781DDA0F9F00E4AB4F /* ShowProgrammersListPresentor.swift in Sources */ = {isa = PBXBuildFile; fileRef = 4FE2F5771DDA0F9F00E4AB4F /* ShowProgrammersListPresentor.swift */; };
		4FE2F57A1DDA11BF00E4AB4F /* ProgrammersListView.swift in Sources */ = {isa = PBXBuildFile; fileRef = 4FE2F5791DDA11BF00E4AB4F /* ProgrammersListView.swift */; };
		4FE2F57C1DDA15F000E4AB4F /* ProgrammerViewController.swift in Sources */ = {isa = PBXBuildFile; fileRef = 4FE2F57B1DDA15F000E4AB4F /* ProgrammerViewController.swift */; };
		4FE2F57E1DDA1BCF00E4AB4F /* ProgrammerCellView.swift in Sources */ = {isa = PBXBuildFile; fileRef = 4FE2F57D1DDA1BCF00E4AB4F /* ProgrammerCellView.swift */; };
		4FE2F5801DDA1CF500E4AB4F /* ProgrammerTableViewCell.swift in Sources */ = {isa = PBXBuildFile; fileRef = 4FE2F57F1DDA1CF500E4AB4F /* ProgrammerTableViewCell.swift */; };
		4FE2F5821DDA20A100E4AB4F /* DateRelative.swift in Sources */ = {isa = PBXBuildFile; fileRef = 4FE2F5811DDA20A100E4AB4F /* DateRelative.swift */; };
		4FE2F5841DDA223100E4AB4F /* InMemoryRepo.swift in Sources */ = {isa = PBXBuildFile; fileRef = 4FE2F5831DDA223100E4AB4F /* InMemoryRepo.swift */; };
/* End PBXBuildFile section */

/* Begin PBXContainerItemProxy section */
		4FE2F55F1DDA070D00E4AB4F /* PBXContainerItemProxy */ = {
			isa = PBXContainerItemProxy;
			containerPortal = 4FE2F5421DDA070D00E4AB4F /* Project object */;
			proxyType = 1;
			remoteGlobalIDString = 4FE2F5491DDA070D00E4AB4F;
			remoteInfo = Bob;
		};
/* End PBXContainerItemProxy section */

/* Begin PBXFileReference section */
		4FE2F54A1DDA070D00E4AB4F /* Bob.app */ = {isa = PBXFileReference; explicitFileType = wrapper.application; includeInIndex = 0; path = Bob.app; sourceTree = BUILT_PRODUCTS_DIR; };
		4FE2F54D1DDA070D00E4AB4F /* AppDelegate.swift */ = {isa = PBXFileReference; lastKnownFileType = sourcecode.swift; path = AppDelegate.swift; sourceTree = "<group>"; };
		4FE2F5521DDA070D00E4AB4F /* Base */ = {isa = PBXFileReference; lastKnownFileType = file.storyboard; name = Base; path = Base.lproj/Main.storyboard; sourceTree = "<group>"; };
		4FE2F5541DDA070D00E4AB4F /* Assets.xcassets */ = {isa = PBXFileReference; lastKnownFileType = folder.assetcatalog; path = Assets.xcassets; sourceTree = "<group>"; };
		4FE2F5571DDA070D00E4AB4F /* Base */ = {isa = PBXFileReference; lastKnownFileType = file.storyboard; name = Base; path = Base.lproj/LaunchScreen.storyboard; sourceTree = "<group>"; };
		4FE2F5591DDA070D00E4AB4F /* Info.plist */ = {isa = PBXFileReference; lastKnownFileType = text.plist.xml; path = Info.plist; sourceTree = "<group>"; };
		4FE2F55E1DDA070D00E4AB4F /* BobTests.xctest */ = {isa = PBXFileReference; explicitFileType = wrapper.cfbundle; includeInIndex = 0; path = BobTests.xctest; sourceTree = BUILT_PRODUCTS_DIR; };
		4FE2F5621DDA070D00E4AB4F /* BobTests.swift */ = {isa = PBXFileReference; lastKnownFileType = sourcecode.swift; path = BobTests.swift; sourceTree = "<group>"; };
		4FE2F5641DDA070D00E4AB4F /* Info.plist */ = {isa = PBXFileReference; lastKnownFileType = text.plist.xml; path = Info.plist; sourceTree = "<group>"; };
		4FE2F56D1DDA07DF00E4AB4F /* ShowParamsListUseCase.swift */ = {isa = PBXFileReference; fileEncoding = 4; lastKnownFileType = sourcecode.swift; path = ShowParamsListUseCase.swift; sourceTree = "<group>"; };
		4FE2F56F1DDA089900E4AB4F /* EntityGateway.swift */ = {isa = PBXFileReference; fileEncoding = 4; lastKnownFileType = sourcecode.swift; path = EntityGateway.swift; sourceTree = "<group>"; };
		4FE2F5711DDA091900E4AB4F /* Programmer.swift */ = {isa = PBXFileReference; fileEncoding = 4; lastKnownFileType = sourcecode.swift; path = Programmer.swift; sourceTree = "<group>"; };
		4FE2F5731DDA0B9100E4AB4F /* ProgrammerDisplayData.swift */ = {isa = PBXFileReference; fileEncoding = 4; lastKnownFileType = sourcecode.swift; path = ProgrammerDisplayData.swift; sourceTree = "<group>"; };
		4FE2F5751DDA0CEC00E4AB4F /* ShowProgrammerListPresentation.swift */ = {isa = PBXFileReference; fileEncoding = 4; lastKnownFileType = sourcecode.swift; path = ShowProgrammerListPresentation.swift; sourceTree = "<group>"; };
		4FE2F5771DDA0F9F00E4AB4F /* ShowProgrammersListPresentor.swift */ = {isa = PBXFileReference; fileEncoding = 4; lastKnownFileType = sourcecode.swift; path = ShowProgrammersListPresentor.swift; sourceTree = "<group>"; };
		4FE2F5791DDA11BF00E4AB4F /* ProgrammersListView.swift */ = {isa = PBXFileReference; fileEncoding = 4; lastKnownFileType = sourcecode.swift; path = ProgrammersListView.swift; sourceTree = "<group>"; };
		4FE2F57B1DDA15F000E4AB4F /* ProgrammerViewController.swift */ = {isa = PBXFileReference; fileEncoding = 4; lastKnownFileType = sourcecode.swift; path = ProgrammerViewController.swift; sourceTree = "<group>"; };
		4FE2F57D1DDA1BCF00E4AB4F /* ProgrammerCellView.swift */ = {isa = PBXFileReference; fileEncoding = 4; lastKnownFileType = sourcecode.swift; path = ProgrammerCellView.swift; sourceTree = "<group>"; };
		4FE2F57F1DDA1CF500E4AB4F /* ProgrammerTableViewCell.swift */ = {isa = PBXFileReference; fileEncoding = 4; lastKnownFileType = sourcecode.swift; path = ProgrammerTableViewCell.swift; sourceTree = "<group>"; };
		4FE2F5811DDA20A100E4AB4F /* DateRelative.swift */ = {isa = PBXFileReference; fileEncoding = 4; lastKnownFileType = sourcecode.swift; path = DateRelative.swift; sourceTree = "<group>"; };
		4FE2F5831DDA223100E4AB4F /* InMemoryRepo.swift */ = {isa = PBXFileReference; fileEncoding = 4; lastKnownFileType = sourcecode.swift; path = InMemoryRepo.swift; sourceTree = "<group>"; };
/* End PBXFileReference section */

/* Begin PBXFrameworksBuildPhase section */
		4FE2F5471DDA070D00E4AB4F /* Frameworks */ = {
			isa = PBXFrameworksBuildPhase;
			buildActionMask = 2147483647;
			files = (
			);
			runOnlyForDeploymentPostprocessing = 0;
		};
		4FE2F55B1DDA070D00E4AB4F /* Frameworks */ = {
			isa = PBXFrameworksBuildPhase;
			buildActionMask = 2147483647;
			files = (
			);
			runOnlyForDeploymentPostprocessing = 0;
		};
/* End PBXFrameworksBuildPhase section */

/* Begin PBXGroup section */
		4FE2F5411DDA070D00E4AB4F = {
			isa = PBXGroup;
			children = (
				4FE2F54C1DDA070D00E4AB4F /* Bob */,
				4FE2F5611DDA070D00E4AB4F /* BobTests */,
				4FE2F54B1DDA070D00E4AB4F /* Products */,
			);
			sourceTree = "<group>";
		};
		4FE2F54B1DDA070D00E4AB4F /* Products */ = {
			isa = PBXGroup;
			children = (
				4FE2F54A1DDA070D00E4AB4F /* Bob.app */,
				4FE2F55E1DDA070D00E4AB4F /* BobTests.xctest */,
			);
			name = Products;
			sourceTree = "<group>";
		};
		4FE2F54C1DDA070D00E4AB4F /* Bob */ = {
			isa = PBXGroup;
			children = (
				4FE2F54D1DDA070D00E4AB4F /* AppDelegate.swift */,
				4FE2F5511DDA070D00E4AB4F /* Main.storyboard */,
				4FE2F5541DDA070D00E4AB4F /* Assets.xcassets */,
				4FE2F5561DDA070D00E4AB4F /* LaunchScreen.storyboard */,
				4FE2F5591DDA070D00E4AB4F /* Info.plist */,
				4FE2F56D1DDA07DF00E4AB4F /* ShowParamsListUseCase.swift */,
				4FE2F56F1DDA089900E4AB4F /* EntityGateway.swift */,
				4FE2F5711DDA091900E4AB4F /* Programmer.swift */,
				4FE2F5731DDA0B9100E4AB4F /* ProgrammerDisplayData.swift */,
				4FE2F5751DDA0CEC00E4AB4F /* ShowProgrammerListPresentation.swift */,
				4FE2F5771DDA0F9F00E4AB4F /* ShowProgrammersListPresentor.swift */,
				4FE2F5791DDA11BF00E4AB4F /* ProgrammersListView.swift */,
				4FE2F57B1DDA15F000E4AB4F /* ProgrammerViewController.swift */,
				4FE2F57D1DDA1BCF00E4AB4F /* ProgrammerCellView.swift */,
				4FE2F57F1DDA1CF500E4AB4F /* ProgrammerTableViewCell.swift */,
				4FE2F5811DDA20A100E4AB4F /* DateRelative.swift */,
				4FE2F5831DDA223100E4AB4F /* InMemoryRepo.swift */,
			);
			path = Bob;
			sourceTree = "<group>";
		};
		4FE2F5611DDA070D00E4AB4F /* BobTests */ = {
			isa = PBXGroup;
			children = (
				4FE2F5621DDA070D00E4AB4F /* BobTests.swift */,
				4FE2F5641DDA070D00E4AB4F /* Info.plist */,
			);
			path = BobTests;
			sourceTree = "<group>";
		};
/* End PBXGroup section */

/* Begin PBXNativeTarget section */
		4FE2F5491DDA070D00E4AB4F /* Bob */ = {
			isa = PBXNativeTarget;
			buildConfigurationList = 4FE2F5671DDA070D00E4AB4F /* Build configuration list for PBXNativeTarget "Bob" */;
			buildPhases = (
				4FE2F5461DDA070D00E4AB4F /* Sources */,
				4FE2F5471DDA070D00E4AB4F /* Frameworks */,
				4FE2F5481DDA070D00E4AB4F /* Resources */,
			);
			buildRules = (
			);
			dependencies = (
			);
			name = Bob;
			productName = Bob;
			productReference = 4FE2F54A1DDA070D00E4AB4F /* Bob.app */;
			productType = "com.apple.product-type.application";
		};
		4FE2F55D1DDA070D00E4AB4F /* BobTests */ = {
			isa = PBXNativeTarget;
			buildConfigurationList = 4FE2F56A1DDA070D00E4AB4F /* Build configuration list for PBXNativeTarget "BobTests" */;
			buildPhases = (
				4FE2F55A1DDA070D00E4AB4F /* Sources */,
				4FE2F55B1DDA070D00E4AB4F /* Frameworks */,
				4FE2F55C1DDA070D00E4AB4F /* Resources */,
			);
			buildRules = (
			);
			dependencies = (
				4FE2F5601DDA070D00E4AB4F /* PBXTargetDependency */,
			);
			name = BobTests;
			productName = BobTests;
			productReference = 4FE2F55E1DDA070D00E4AB4F /* BobTests.xctest */;
			productType = "com.apple.product-type.bundle.unit-test";
		};
/* End PBXNativeTarget section */

/* Begin PBXProject section */
		4FE2F5421DDA070D00E4AB4F /* Project object */ = {
			isa = PBXProject;
			attributes = {
				LastSwiftUpdateCheck = 0810;
				LastUpgradeCheck = 0810;
				ORGANIZATIONNAME = "Andrew Slabko";
				TargetAttributes = {
					4FE2F5491DDA070D00E4AB4F = {
						CreatedOnToolsVersion = 8.1;
						ProvisioningStyle = Automatic;
					};
					4FE2F55D1DDA070D00E4AB4F = {
						CreatedOnToolsVersion = 8.1;
						ProvisioningStyle = Automatic;
						TestTargetID = 4FE2F5491DDA070D00E4AB4F;
					};
				};
			};
			buildConfigurationList = 4FE2F5451DDA070D00E4AB4F /* Build configuration list for PBXProject "Bob" */;
			compatibilityVersion = "Xcode 3.2";
			developmentRegion = English;
			hasScannedForEncodings = 0;
			knownRegions = (
				en,
				Base,
			);
			mainGroup = 4FE2F5411DDA070D00E4AB4F;
			productRefGroup = 4FE2F54B1DDA070D00E4AB4F /* Products */;
			projectDirPath = "";
			projectRoot = "";
			targets = (
				4FE2F5491DDA070D00E4AB4F /* Bob */,
				4FE2F55D1DDA070D00E4AB4F /* BobTests */,
			);
		};
/* End PBXProject section */

/* Begin PBXResourcesBuildPhase section */
		4FE2F5481DDA070D00E4AB4F /* Resources */ = {
			isa = PBXResourcesBuildPhase;
			buildActionMask = 2147483647;
			files = (
				4FE2F5581DDA070D00E4AB4F /* LaunchScreen.storyboard in Resources */,
				4FE2F5551DDA070D00E4AB4F /* Assets.xcassets in Resources */,
				4FE2F5531DDA070D00E4AB4F /* Main.storyboard in Resources */,
			);
			runOnlyForDeploymentPostprocessing = 0;
		};
		4FE2F55C1DDA070D00E4AB4F /* Resources */ = {
			isa = PBXResourcesBuildPhase;
			buildActionMask = 2147483647;
			files = (
			);
			runOnlyForDeploymentPostprocessing = 0;
		};
/* End PBXResourcesBuildPhase section */

/* Begin PBXSourcesBuildPhase section */
		4FE2F5461DDA070D00E4AB4F /* Sources */ = {
			isa = PBXSourcesBuildPhase;
			buildActionMask = 2147483647;
			files = (
				4FE2F57E1DDA1BCF00E4AB4F /* ProgrammerCellView.swift in Sources */,
				4FE2F5841DDA223100E4AB4F /* InMemoryRepo.swift in Sources */,
				4FE2F5761DDA0CEC00E4AB4F /* ShowProgrammerListPresentation.swift in Sources */,
				4FE2F57C1DDA15F000E4AB4F /* ProgrammerViewController.swift in Sources */,
				4FE2F5821DDA20A100E4AB4F /* DateRelative.swift in Sources */,
				4FE2F5721DDA091900E4AB4F /* Programmer.swift in Sources */,
				4FE2F57A1DDA11BF00E4AB4F /* ProgrammersListView.swift in Sources */,
				4FE2F5701DDA089900E4AB4F /* EntityGateway.swift in Sources */,
				4FE2F54E1DDA070D00E4AB4F /* AppDelegate.swift in Sources */,
				4FE2F5741DDA0B9100E4AB4F /* ProgrammerDisplayData.swift in Sources */,
				4FE2F56E1DDA07DF00E4AB4F /* ShowParamsListUseCase.swift in Sources */,
				4FE2F5801DDA1CF500E4AB4F /* ProgrammerTableViewCell.swift in Sources */,
				4FE2F5781DDA0F9F00E4AB4F /* ShowProgrammersListPresentor.swift in Sources */,
			);
			runOnlyForDeploymentPostprocessing = 0;
		};
		4FE2F55A1DDA070D00E4AB4F /* Sources */ = {
			isa = PBXSourcesBuildPhase;
			buildActionMask = 2147483647;
			files = (
				4FE2F5631DDA070D00E4AB4F /* BobTests.swift in Sources */,
			);
			runOnlyForDeploymentPostprocessing = 0;
		};
/* End PBXSourcesBuildPhase section */

/* Begin PBXTargetDependency section */
		4FE2F5601DDA070D00E4AB4F /* PBXTargetDependency */ = {
			isa = PBXTargetDependency;
			target = 4FE2F5491DDA070D00E4AB4F /* Bob */;
			targetProxy = 4FE2F55F1DDA070D00E4AB4F /* PBXContainerItemProxy */;
		};
/* End PBXTargetDependency section */

/* Begin PBXVariantGroup section */
		4FE2F5511DDA070D00E4AB4F /* Main.storyboard */ = {
			isa = PBXVariantGroup;
			children = (
				4FE2F5521DDA070D00E4AB4F /* Base */,
			);
			name = Main.storyboard;
			sourceTree = "<group>";
		};
		4FE2F5561DDA070D00E4AB4F /* LaunchScreen.storyboard */ = {
			isa = PBXVariantGroup;
			children = (
				4FE2F5571DDA070D00E4AB4F /* Base */,
			);
			name = LaunchScreen.storyboard;
			sourceTree = "<group>";
		};
/* End PBXVariantGroup section */

/* Begin XCBuildConfiguration section */
		4FE2F5651DDA070D00E4AB4F /* Debug */ = {
			isa = XCBuildConfiguration;
			buildSettings = {
				ALWAYS_SEARCH_USER_PATHS = NO;
				CLANG_ANALYZER_NONNULL = YES;
				CLANG_CXX_LANGUAGE_STANDARD = "gnu++0x";
				CLANG_CXX_LIBRARY = "libc++";
				CLANG_ENABLE_MODULES = YES;
				CLANG_ENABLE_OBJC_ARC = YES;
				CLANG_WARN_BOOL_CONVERSION = YES;
				CLANG_WARN_CONSTANT_CONVERSION = YES;
				CLANG_WARN_DIRECT_OBJC_ISA_USAGE = YES_ERROR;
				CLANG_WARN_DOCUMENTATION_COMMENTS = YES;
				CLANG_WARN_EMPTY_BODY = YES;
				CLANG_WARN_ENUM_CONVERSION = YES;
				CLANG_WARN_INFINITE_RECURSION = YES;
				CLANG_WARN_INT_CONVERSION = YES;
				CLANG_WARN_OBJC_ROOT_CLASS = YES_ERROR;
				CLANG_WARN_SUSPICIOUS_MOVES = YES;
				CLANG_WARN_UNREACHABLE_CODE = YES;
				CLANG_WARN__DUPLICATE_METHOD_MATCH = YES;
				"CODE_SIGN_IDENTITY[sdk=iphoneos*]" = "iPhone Developer";
				COPY_PHASE_STRIP = NO;
				DEBUG_INFORMATION_FORMAT = dwarf;
				ENABLE_STRICT_OBJC_MSGSEND = YES;
				ENABLE_TESTABILITY = YES;
				GCC_C_LANGUAGE_STANDARD = gnu99;
				GCC_DYNAMIC_NO_PIC = NO;
				GCC_NO_COMMON_BLOCKS = YES;
				GCC_OPTIMIZATION_LEVEL = 0;
				GCC_PREPROCESSOR_DEFINITIONS = (
					"DEBUG=1",
					"$(inherited)",
				);
				GCC_WARN_64_TO_32_BIT_CONVERSION = YES;
				GCC_WARN_ABOUT_RETURN_TYPE = YES_ERROR;
				GCC_WARN_UNDECLARED_SELECTOR = YES;
				GCC_WARN_UNINITIALIZED_AUTOS = YES_AGGRESSIVE;
				GCC_WARN_UNUSED_FUNCTION = YES;
				GCC_WARN_UNUSED_VARIABLE = YES;
				IPHONEOS_DEPLOYMENT_TARGET = 10.1;
				MTL_ENABLE_DEBUG_INFO = YES;
				ONLY_ACTIVE_ARCH = YES;
				SDKROOT = iphoneos;
				SWIFT_ACTIVE_COMPILATION_CONDITIONS = DEBUG;
				SWIFT_OPTIMIZATION_LEVEL = "-Onone";
				TARGETED_DEVICE_FAMILY = "1,2";
			};
			name = Debug;
		};
		4FE2F5661DDA070D00E4AB4F /* Release */ = {
			isa = XCBuildConfiguration;
			buildSettings = {
				ALWAYS_SEARCH_USER_PATHS = NO;
				CLANG_ANALYZER_NONNULL = YES;
				CLANG_CXX_LANGUAGE_STANDARD = "gnu++0x";
				CLANG_CXX_LIBRARY = "libc++";
				CLANG_ENABLE_MODULES = YES;
				CLANG_ENABLE_OBJC_ARC = YES;
				CLANG_WARN_BOOL_CONVERSION = YES;
				CLANG_WARN_CONSTANT_CONVERSION = YES;
				CLANG_WARN_DIRECT_OBJC_ISA_USAGE = YES_ERROR;
				CLANG_WARN_DOCUMENTATION_COMMENTS = YES;
				CLANG_WARN_EMPTY_BODY = YES;
				CLANG_WARN_ENUM_CONVERSION = YES;
				CLANG_WARN_INFINITE_RECURSION = YES;
				CLANG_WARN_INT_CONVERSION = YES;
				CLANG_WARN_OBJC_ROOT_CLASS = YES_ERROR;
				CLANG_WARN_SUSPICIOUS_MOVES = YES;
				CLANG_WARN_UNREACHABLE_CODE = YES;
				CLANG_WARN__DUPLICATE_METHOD_MATCH = YES;
				"CODE_SIGN_IDENTITY[sdk=iphoneos*]" = "iPhone Developer";
				COPY_PHASE_STRIP = NO;
				DEBUG_INFORMATION_FORMAT = "dwarf-with-dsym";
				ENABLE_NS_ASSERTIONS = NO;
				ENABLE_STRICT_OBJC_MSGSEND = YES;
				GCC_C_LANGUAGE_STANDARD = gnu99;
				GCC_NO_COMMON_BLOCKS = YES;
				GCC_WARN_64_TO_32_BIT_CONVERSION = YES;
				GCC_WARN_ABOUT_RETURN_TYPE = YES_ERROR;
				GCC_WARN_UNDECLARED_SELECTOR = YES;
				GCC_WARN_UNINITIALIZED_AUTOS = YES_AGGRESSIVE;
				GCC_WARN_UNUSED_FUNCTION = YES;
				GCC_WARN_UNUSED_VARIABLE = YES;
				IPHONEOS_DEPLOYMENT_TARGET = 10.1;
				MTL_ENABLE_DEBUG_INFO = NO;
				SDKROOT = iphoneos;
				SWIFT_OPTIMIZATION_LEVEL = "-Owholemodule";
				TARGETED_DEVICE_FAMILY = "1,2";
				VALIDATE_PRODUCT = YES;
			};
			name = Release;
		};
		4FE2F5681DDA070D00E4AB4F /* Debug */ = {
			isa = XCBuildConfiguration;
			buildSettings = {
				ASSETCATALOG_COMPILER_APPICON_NAME = AppIcon;
				INFOPLIST_FILE = Bob/Info.plist;
				LD_RUNPATH_SEARCH_PATHS = "$(inherited) @executable_path/Frameworks";
				PRODUCT_BUNDLE_IDENTIFIER = com.slabko.Bob;
				PRODUCT_NAME = "$(TARGET_NAME)";
				SWIFT_VERSION = 3.0;
			};
			name = Debug;
		};
		4FE2F5691DDA070D00E4AB4F /* Release */ = {
			isa = XCBuildConfiguration;
			buildSettings = {
				ASSETCATALOG_COMPILER_APPICON_NAME = AppIcon;
				INFOPLIST_FILE = Bob/Info.plist;
				LD_RUNPATH_SEARCH_PATHS = "$(inherited) @executable_path/Frameworks";
				PRODUCT_BUNDLE_IDENTIFIER = com.slabko.Bob;
				PRODUCT_NAME = "$(TARGET_NAME)";
				SWIFT_VERSION = 3.0;
			};
			name = Release;
		};
		4FE2F56B1DDA070D00E4AB4F /* Debug */ = {
			isa = XCBuildConfiguration;
			buildSettings = {
				ALWAYS_EMBED_SWIFT_STANDARD_LIBRARIES = YES;
				BUNDLE_LOADER = "$(TEST_HOST)";
				INFOPLIST_FILE = BobTests/Info.plist;
				LD_RUNPATH_SEARCH_PATHS = "$(inherited) @executable_path/Frameworks @loader_path/Frameworks";
				PRODUCT_BUNDLE_IDENTIFIER = com.slabko.BobTests;
				PRODUCT_NAME = "$(TARGET_NAME)";
				SWIFT_VERSION = 3.0;
				TEST_HOST = "$(BUILT_PRODUCTS_DIR)/Bob.app/Bob";
			};
			name = Debug;
		};
		4FE2F56C1DDA070D00E4AB4F /* Release */ = {
			isa = XCBuildConfiguration;
			buildSettings = {
				ALWAYS_EMBED_SWIFT_STANDARD_LIBRARIES = YES;
				BUNDLE_LOADER = "$(TEST_HOST)";
				INFOPLIST_FILE = BobTests/Info.plist;
				LD_RUNPATH_SEARCH_PATHS = "$(inherited) @executable_path/Frameworks @loader_path/Frameworks";
				PRODUCT_BUNDLE_IDENTIFIER = com.slabko.BobTests;
				PRODUCT_NAME = "$(TARGET_NAME)";
				SWIFT_VERSION = 3.0;
				TEST_HOST = "$(BUILT_PRODUCTS_DIR)/Bob.app/Bob";
			};
			name = Release;
		};
/* End XCBuildConfiguration section */

/* Begin XCConfigurationList section */
		4FE2F5451DDA070D00E4AB4F /* Build configuration list for PBXProject "Bob" */ = {
			isa = XCConfigurationList;
			buildConfigurations = (
				4FE2F5651DDA070D00E4AB4F /* Debug */,
				4FE2F5661DDA070D00E4AB4F /* Release */,
			);
			defaultConfigurationIsVisible = 0;
			defaultConfigurationName = Release;
		};
		4FE2F5671DDA070D00E4AB4F /* Build configuration list for PBXNativeTarget "Bob" */ = {
			isa = XCConfigurationList;
			buildConfigurations = (
				4FE2F5681DDA070D00E4AB4F /* Debug */,
				4FE2F5691DDA070D00E4AB4F /* Release */,
			);
			defaultConfigurationIsVisible = 0;
		};
		4FE2F56A1DDA070D00E4AB4F /* Build configuration list for PBXNativeTarget "BobTests" */ = {
			isa = XCConfigurationList;
			buildConfigurations = (
				4FE2F56B1DDA070D00E4AB4F /* Debug */,
				4FE2F56C1DDA070D00E4AB4F /* Release */,
			);
			defaultConfigurationIsVisible = 0;
		};
/* End XCConfigurationList section */
	};
	rootObject = 4FE2F5421DDA070D00E4AB4F /* Project object */;
}
